{
  "name": "4chan-max",
  "version": "1.0.0",
  "lockfileVersion": 1,
  "requires": true,
  "dependencies": {
    "astoria": {
      "version": "1.0.4",
      "resolved": "https://registry.npmjs.org/astoria/-/astoria-1.0.4.tgz",
      "integrity": "sha512-01yoELek8p+3A9LdSjgEJOAUIfhr9Uym30cjATuOAQNlKzy53v4GarqTWg11H+tclWyVld77XOzez6rEL2gArg==",
      "requires": {
        "node-fetch": "^2.6.0"
      }
    },
    "node-fetch": {
      "version": "2.6.1",
      "resolved": "https://registry.npmjs.org/node-fetch/-/node-fetch-2.6.1.tgz",
      "integrity": "sha512-V4aYg89jEoVRxRb2fJdAg8FHvI7cEyYdVAh94HH0UIK8oJxUfkjlDQN9RbMx+bEjP7+ggMiFRprSti032Oipxw=="
    }
  }
}
